
Microsoft Visual Studio Solution File, Format Version 12.00
# Visual Studio Version 17
VisualStudioVersion = 17.5.002.0
MinimumVisualStudioVersion = 10.0.40219.1
Project("{9A19103F-16F7-4668-BE54-9A1E7A4F7556}") = "DesafioCodigo-3", "DesafioCodigo-3.csproj", "{3229A102-919F-4C3D-B095-119703848206}"
EndProject
Global
	GlobalSection(SolutionConfigurationPlatforms) = preSolution
		Debug|Any CPU = Debug|Any CPU
		Release|Any CPU = Release|Any CPU
	EndGlobalSection
	GlobalSection(ProjectConfigurationPlatforms) = postSolution
		{3229A102-919F-4C3D-B095-119703848206}.Debug|Any CPU.ActiveCfg = Debug|Any CPU
		{3229A102-919F-4C3D-B095-119703848206}.Debug|Any CPU.Build.0 = Debug|Any CPU
		{3229A102-919F-4C3D-B095-119703848206}.Release|Any CPU.ActiveCfg = Release|Any CPU
		{3229A102-919F-4C3D-B095-119703848206}.Release|Any CPU.Build.0 = Release|Any CPU
	EndGlobalSection
	GlobalSection(SolutionProperties) = preSolution
		HideSolutionNode = FALSE
	EndGlobalSection
	GlobalSection(ExtensibilityGlobals) = postSolution
		SolutionGuid = {17E75F97-C6B0-4182-97FC-B8332B4FBE73}
	EndGlobalSection
EndGlobal
